<Solution>
  <Folder Name="/Common/">
    <File Path="Directory.Build.props" />
    <File Path="README.md" />
  </Folder>
  <Project Path="DaytonaRaceway.Adapter/DaytonaRaceway.Adapter.csproj" />
  <Project Path="DaytonaRaceway.Agent/DaytonaRaceway.Agent.csproj" />
  <Project Path="DaytonaRaceway.Cli/DaytonaRaceway.Cli.csproj" />
</Solution>
